
Microsoft Visual Studio Solution File, Format Version 12.00
# Visual Studio 15
Project("{FAE04EC0-301F-11D3-BF4B-00C04F79EFBC}") = "Assembly-CSharp", "Assembly-CSharp.csproj", "{C045C12B-6725-9CD6-A8FE-4BC81E1BF174}"
EndProject
Project("{FAE04EC0-301F-11D3-BF4B-00C04F79EFBC}") = "BitStrapRuntimeAssembly", "BitStrapRuntimeAssembly.csproj", "{FE3BCC73-0D2A-47D9-8E9D-B3B7B1EACA3A}"
EndProject
Project("{FAE04EC0-301F-11D3-BF4B-00C04F79EFBC}") = "Assembly-CSharp-Editor", "Assembly-CSharp-Editor.csproj", "{A78E918A-ED89-BAB5-430A-B70461397392}"
EndProject
Project("{FAE04EC0-301F-11D3-BF4B-00C04F79EFBC}") = "BitStrapEditorAssembly", "BitStrapEditorAssembly.csproj", "{9F26F412-45D9-D24E-42A0-9E29A96C555F}"
EndProject
Global
	GlobalSection(SolutionConfigurationPlatforms) = preSolution
		Debug|Any CPU = Debug|Any CPU
		Release|Any CPU = Release|Any CPU
	EndGlobalSection
	GlobalSection(ProjectConfigurationPlatforms) = postSolution
		{C045C12B-6725-9CD6-A8FE-4BC81E1BF174}.Debug|Any CPU.ActiveCfg = Debug|Any CPU
		{C045C12B-6725-9CD6-A8FE-4BC81E1BF174}.Debug|Any CPU.Build.0 = Debug|Any CPU
		{C045C12B-6725-9CD6-A8FE-4BC81E1BF174}.Release|Any CPU.ActiveCfg = Release|Any CPU
		{C045C12B-6725-9CD6-A8FE-4BC81E1BF174}.Release|Any CPU.Build.0 = Release|Any CPU
		{FE3BCC73-0D2A-47D9-8E9D-B3B7B1EACA3A}.Debug|Any CPU.ActiveCfg = Debug|Any CPU
		{FE3BCC73-0D2A-47D9-8E9D-B3B7B1EACA3A}.Debug|Any CPU.Build.0 = Debug|Any CPU
		{FE3BCC73-0D2A-47D9-8E9D-B3B7B1EACA3A}.Release|Any CPU.ActiveCfg = Release|Any CPU
		{FE3BCC73-0D2A-47D9-8E9D-B3B7B1EACA3A}.Release|Any CPU.Build.0 = Release|Any CPU
		{A78E918A-ED89-BAB5-430A-B70461397392}.Debug|Any CPU.ActiveCfg = Debug|Any CPU
		{A78E918A-ED89-BAB5-430A-B70461397392}.Debug|Any CPU.Build.0 = Debug|Any CPU
		{A78E918A-ED89-BAB5-430A-B70461397392}.Release|Any CPU.ActiveCfg = Release|Any CPU
		{A78E918A-ED89-BAB5-430A-B70461397392}.Release|Any CPU.Build.0 = Release|Any CPU
		{9F26F412-45D9-D24E-42A0-9E29A96C555F}.Debug|Any CPU.ActiveCfg = Debug|Any CPU
		{9F26F412-45D9-D24E-42A0-9E29A96C555F}.Debug|Any CPU.Build.0 = Debug|Any CPU
		{9F26F412-45D9-D24E-42A0-9E29A96C555F}.Release|Any CPU.ActiveCfg = Release|Any CPU
		{9F26F412-45D9-D24E-42A0-9E29A96C555F}.Release|Any CPU.Build.0 = Release|Any CPU
	EndGlobalSection
	GlobalSection(SolutionProperties) = preSolution
		HideSolutionNode = FALSE
	EndGlobalSection
EndGlobal
